
Microsoft Visual Studio Solution File, Format Version 12.00
# Visual Studio Version 16
VisualStudioVersion = 16.0.32106.194
MinimumVisualStudioVersion = 10.0.40219.1
Project("{FAE04EC0-301F-11D3-BF4B-00C04F79EFBC}") = "ApiHW", "ApiHW.csproj", "{A2880861-C7B0-49F3-A409-5E569C8ED47B}"
EndProject
Global
	GlobalSection(SolutionConfigurationPlatforms) = preSolution
		Debug|Any CPU = Debug|Any CPU
		Release|Any CPU = Release|Any CPU
	EndGlobalSection
	GlobalSection(ProjectConfigurationPlatforms) = postSolution
		{A2880861-C7B0-49F3-A409-5E569C8ED47B}.Debug|Any CPU.ActiveCfg = Debug|Any CPU
		{A2880861-C7B0-49F3-A409-5E569C8ED47B}.Debug|Any CPU.Build.0 = Debug|Any CPU
		{A2880861-C7B0-49F3-A409-5E569C8ED47B}.Release|Any CPU.ActiveCfg = Release|Any CPU
		{A2880861-C7B0-49F3-A409-5E569C8ED47B}.Release|Any CPU.Build.0 = Release|Any CPU
	EndGlobalSection
	GlobalSection(SolutionProperties) = preSolution
		HideSolutionNode = FALSE
	EndGlobalSection
	GlobalSection(ExtensibilityGlobals) = postSolution
		SolutionGuid = {8441CCD2-01A6-41A7-9394-83BE0A2A30BD}
	EndGlobalSection
EndGlobal
